
Microsoft Visual Studio Solution File, Format Version 12.00
# Visual Studio Version 17
VisualStudioVersion = 17.8.34330.188
MinimumVisualStudioVersion = 10.0.40219.1
Project("{FAE04EC0-301F-11D3-BF4B-00C04F79EFBC}") = "TipTime", "TipTime\TipTime.csproj", "{C7325E26-5B3E-4682-B9A1-F8BAC47ABF6F}"
EndProject
Global
	GlobalSection(SolutionConfigurationPlatforms) = preSolution
		Debug|Any CPU = Debug|Any CPU
		Release|Any CPU = Release|Any CPU
	EndGlobalSection
	GlobalSection(ProjectConfigurationPlatforms) = postSolution
		{C7325E26-5B3E-4682-B9A1-F8BAC47ABF6F}.Debug|Any CPU.ActiveCfg = Debug|Any CPU
		{C7325E26-5B3E-4682-B9A1-F8BAC47ABF6F}.Debug|Any CPU.Build.0 = Debug|Any CPU
		{C7325E26-5B3E-4682-B9A1-F8BAC47ABF6F}.Debug|Any CPU.Deploy.0 = Debug|Any CPU
		{C7325E26-5B3E-4682-B9A1-F8BAC47ABF6F}.Release|Any CPU.ActiveCfg = Release|Any CPU
		{C7325E26-5B3E-4682-B9A1-F8BAC47ABF6F}.Release|Any CPU.Build.0 = Release|Any CPU
		{C7325E26-5B3E-4682-B9A1-F8BAC47ABF6F}.Release|Any CPU.Deploy.0 = Release|Any CPU
	EndGlobalSection
	GlobalSection(SolutionProperties) = preSolution
		HideSolutionNode = FALSE
	EndGlobalSection
	GlobalSection(ExtensibilityGlobals) = postSolution
		SolutionGuid = {D5FFEB19-9B28-4CC9-9B18-3DAEAAABAA64}
	EndGlobalSection
EndGlobal
